
Microsoft Visual Studio Solution File, Format Version 12.00
# Visual Studio 15
VisualStudioVersion = 15.0.27130.0
MinimumVisualStudioVersion = 10.0.40219.1
Project("{888888A0-9F3D-457C-B088-3A5042F75D52}") = "p2pool", "p2pool.pyproj", "{76CFEEAA-E1A6-4A5A-9840-A6092B3CBC7C}"
EndProject
Global
	GlobalSection(SolutionConfigurationPlatforms) = preSolution
		Debug|Any CPU = Debug|Any CPU
		Release|Any CPU = Release|Any CPU
	EndGlobalSection
	GlobalSection(ProjectConfigurationPlatforms) = postSolution
		{76CFEEAA-E1A6-4A5A-9840-A6092B3CBC7C}.Debug|Any CPU.ActiveCfg = Debug|Any CPU
		{76CFEEAA-E1A6-4A5A-9840-A6092B3CBC7C}.Release|Any CPU.ActiveCfg = Release|Any CPU
	EndGlobalSection
	GlobalSection(SolutionProperties) = preSolution
		HideSolutionNode = FALSE
	EndGlobalSection
	GlobalSection(ExtensibilityGlobals) = postSolution
		SolutionGuid = {8E17A6F7-8FC0-4454-B30B-2028D8EF7553}
	EndGlobalSection
EndGlobal
